github.com/ebfe/bcrypt_pbkdf v0.0.0-20140212075826-3c8d2dcb253a h1:YtdtTUN1iH97s+6PUjLnaiKSQj4oG1/EZ3N9bx6g4kU=
github.com/ebfe/bcrypt_pbkdf v0.0.0-20140212075826-3c8d2dcb253a/go.mod h1:/CZpbhAusDOobpcb9yubw46kdYjq0zRC0Wpg9a9zFQM=
golang.org/x/sys v0.47.0 h1:o7XGOvZQCADBQQ4Y7VNq2dRWQR7JmOUW8Kxx4ZsNgWs=
golang.org/x/sys v0.47.0/go.mod h1:4GL1E5IUh+htKOUEOaiffhrAeqysfVGipDYzABqnCmw=
golang.org/x/term v0.45.0 h1:NwWyBmoJCbfTHpxrWoZ9C6/VxOf7ic219I8xZZFdrf0=
golang.org/x/term v0.45.0/go.mod h1:9aqxs0blBcrm/n0L9QW0aRVD+ktan8ssZromtqJC43w=
